// !$*UTF8*$!
{
	archiveVersion = 1;
	classes = {
	};
	objectVersion = 56;
	objects = {

/* Begin PBXBuildFile section */
		3CE3EC012A1F387000CC952B /* AppDelegate.swift in Sources */ = {isa = PBXBuildFile; fileRef = 3CE3EC002A1F387000CC952B /* AppDelegate.swift */; };
		3CE3EC032A1F387000CC952B /* SceneDelegate.swift in Sources */ = {isa = PBXBuildFile; fileRef = 3CE3EC022A1F387000CC952B /* SceneDelegate.swift */; };
		3CE3EC052A1F387000CC952B /* ViewController.swift in Sources */ = {isa = PBXBuildFile; fileRef = 3CE3EC042A1F387000CC952B /* ViewController.swift */; };
		3CE3EC082A1F387000CC952B /* Main.storyboard in Resources */ = {isa = PBXBuildFile; fileRef = 3CE3EC062A1F387000CC952B /* Main.storyboard */; };
		3CE3EC0A2A1F387200CC952B /* Assets.xcassets in Resources */ = {isa = PBXBuildFile; fileRef = 3CE3EC092A1F387200CC952B /* Assets.xcassets */; };
		3CE3EC0D2A1F387200CC952B /* LaunchScreen.storyboard in Resources */ = {isa = PBXBuildFile; fileRef = 3CE3EC0B2A1F387200CC952B /* LaunchScreen.storyboard */; };
		3CE3EC182A1F387200CC952B /* XKToolSetTests.swift in Sources */ = {isa = PBXBuildFile; fileRef = 3CE3EC172A1F387200CC952B /* XKToolSetTests.swift */; };
		3CE3EC222A1F387200CC952B /* XKToolSetUITests.swift in Sources */ = {isa = PBXBuildFile; fileRef = 3CE3EC212A1F387200CC952B /* XKToolSetUITests.swift */; };
		3CE3EC242A1F387200CC952B /* XKToolSetUITestsLaunchTests.swift in Sources */ = {isa = PBXBuildFile; fileRef = 3CE3EC232A1F387200CC952B /* XKToolSetUITestsLaunchTests.swift */; };
/* End PBXBuildFile section */

/* Begin PBXContainerItemProxy section */
		3CE3EC142A1F387200CC952B /* PBXContainerItemProxy */ = {
			isa = PBXContainerItemProxy;
			containerPortal = 3CE3EBF52A1F387000CC952B /* Project object */;
			proxyType = 1;
			remoteGlobalIDString = 3CE3EBFC2A1F387000CC952B;
			remoteInfo = XKToolSet;
		};
		3CE3EC1E2A1F387200CC952B /* PBXContainerItemProxy */ = {
			isa = PBXContainerItemProxy;
			containerPortal = 3CE3EBF52A1F387000CC952B /* Project object */;
			proxyType = 1;
			remoteGlobalIDString = 3CE3EBFC2A1F387000CC952B;
			remoteInfo = XKToolSet;
		};
/* End PBXContainerItemProxy section */

/* Begin PBXFileReference section */
		3CE3EBFD2A1F387000CC952B /* XKToolSet.app */ = {isa = PBXFileReference; explicitFileType = wrapper.application; includeInIndex = 0; path = XKToolSet.app; sourceTree = BUILT_PRODUCTS_DIR; };
		3CE3EC002A1F387000CC952B /* AppDelegate.swift */ = {isa = PBXFileReference; lastKnownFileType = sourcecode.swift; path = AppDelegate.swift; sourceTree = "<group>"; };
		3CE3EC022A1F387000CC952B /* SceneDelegate.swift */ = {isa = PBXFileReference; lastKnownFileType = sourcecode.swift; path = SceneDelegate.swift; sourceTree = "<group>"; };
		3CE3EC042A1F387000CC952B /* ViewController.swift */ = {isa = PBXFileReference; lastKnownFileType = sourcecode.swift; path = ViewController.swift; sourceTree = "<group>"; };
		3CE3EC072A1F387000CC952B /* Base */ = {isa = PBXFileReference; lastKnownFileType = file.storyboard; name = Base; path = Base.lproj/Main.storyboard; sourceTree = "<group>"; };
		3CE3EC092A1F387200CC952B /* Assets.xcassets */ = {isa = PBXFileReference; lastKnownFileType = folder.assetcatalog; path = Assets.xcassets; sourceTree = "<group>"; };
		3CE3EC0C2A1F387200CC952B /* Base */ = {isa = PBXFileReference; lastKnownFileType = file.storyboard; name = Base; path = Base.lproj/LaunchScreen.storyboard; sourceTree = "<group>"; };
		3CE3EC0E2A1F387200CC952B /* Info.plist */ = {isa = PBXFileReference; lastKnownFileType = text.plist.xml; path = Info.plist; sourceTree = "<group>"; };
		3CE3EC132A1F387200CC952B /* XKToolSetTests.xctest */ = {isa = PBXFileReference; explicitFileType = wrapper.cfbundle; includeInIndex = 0; path = XKToolSetTests.xctest; sourceTree = BUILT_PRODUCTS_DIR; };
		3CE3EC172A1F387200CC952B /* XKToolSetTests.swift */ = {isa = PBXFileReference; lastKnownFileType = sourcecode.swift; path = XKToolSetTests.swift; sourceTree = "<group>"; };
		3CE3EC1D2A1F387200CC952B /* XKToolSetUITests.xctest */ = {isa = PBXFileReference; explicitFileType = wrapper.cfbundle; includeInIndex = 0; path = XKToolSetUITests.xctest; sourceTree = BUILT_PRODUCTS_DIR; };
		3CE3EC212A1F387200CC952B /* XKToolSetUITests.swift */ = {isa = PBXFileReference; lastKnownFileType = sourcecode.swift; path = XKToolSetUITests.swift; sourceTree = "<group>"; };
		3CE3EC232A1F387200CC952B /* XKToolSetUITestsLaunchTests.swift */ = {isa = PBXFileReference; lastKnownFileType = sourcecode.swift; path = XKToolSetUITestsLaunchTests.swift; sourceTree = "<group>"; };
/* End PBXFileReference section */

/* Begin PBXFrameworksBuildPhase section */
		3CE3EBFA2A1F387000CC952B /* Frameworks */ = {
			isa = PBXFrameworksBuildPhase;
			buildActionMask = 2147483647;
			files = (
			);
			runOnlyForDeploymentPostprocessing = 0;
		};
		3CE3EC102A1F387200CC952B /* Frameworks */ = {
			isa = PBXFrameworksBuildPhase;
			buildActionMask = 2147483647;
			files = (
			);
			runOnlyForDeploymentPostprocessing = 0;
		};
		3CE3EC1A2A1F387200CC952B /* Frameworks */ = {
			isa = PBXFrameworksBuildPhase;
			buildActionMask = 2147483647;
			files = (
			);
			runOnlyForDeploymentPostprocessing = 0;
		};
/* End PBXFrameworksBuildPhase section */

/* Begin PBXGroup section */
		3CE3EBF42A1F387000CC952B = {
			isa = PBXGroup;
			children = (
				3CE3EBFF2A1F387000CC952B /* XKToolSet */,
				3CE3EC162A1F387200CC952B /* XKToolSetTests */,
				3CE3EC202A1F387200CC952B /* XKToolSetUITests */,
				3CE3EBFE2A1F387000CC952B /* Products */,
			);
			sourceTree = "<group>";
		};
		3CE3EBFE2A1F387000CC952B /* Products */ = {
			isa = PBXGroup;
			children = (
				3CE3EBFD2A1F387000CC952B /* XKToolSet.app */,
				3CE3EC132A1F387200CC952B /* XKToolSetTests.xctest */,
				3CE3EC1D2A1F387200CC952B /* XKToolSetUITests.xctest */,
			);
			name = Products;
			sourceTree = "<group>";
		};
		3CE3EBFF2A1F387000CC952B /* XKToolSet */ = {
			isa = PBXGroup;
			children = (
				3CE3EC002A1F387000CC952B /* AppDelegate.swift */,
				3CE3EC022A1F387000CC952B /* SceneDelegate.swift */,
				3CE3EC042A1F387000CC952B /* ViewController.swift */,
				3CE3EC062A1F387000CC952B /* Main.storyboard */,
				3CE3EC092A1F387200CC952B /* Assets.xcassets */,
				3CE3EC0B2A1F387200CC952B /* LaunchScreen.storyboard */,
				3CE3EC0E2A1F387200CC952B /* Info.plist */,
			);
			path = XKToolSet;
			sourceTree = "<group>";
		};
		3CE3EC162A1F387200CC952B /* XKToolSetTests */ = {
			isa = PBXGroup;
			children = (
				3CE3EC172A1F387200CC952B /* XKToolSetTests.swift */,
			);
			path = XKToolSetTests;
			sourceTree = "<group>";
		};
		3CE3EC202A1F387200CC952B /* XKToolSetUITests */ = {
			isa = PBXGroup;
			children = (
				3CE3EC212A1F387200CC952B /* XKToolSetUITests.swift */,
				3CE3EC232A1F387200CC952B /* XKToolSetUITestsLaunchTests.swift */,
			);
			path = XKToolSetUITests;
			sourceTree = "<group>";
		};
/* End PBXGroup section */

/* Begin PBXNativeTarget section */
		3CE3EBFC2A1F387000CC952B /* XKToolSet */ = {
			isa = PBXNativeTarget;
			buildConfigurationList = 3CE3EC272A1F387200CC952B /* Build configuration list for PBXNativeTarget "XKToolSet" */;
			buildPhases = (
				3CE3EBF92A1F387000CC952B /* Sources */,
				3CE3EBFA2A1F387000CC952B /* Frameworks */,
				3CE3EBFB2A1F387000CC952B /* Resources */,
			);
			buildRules = (
			);
			dependencies = (
			);
			name = XKToolSet;
			productName = XKToolSet;
			productReference = 3CE3EBFD2A1F387000CC952B /* XKToolSet.app */;
			productType = "com.apple.product-type.application";
		};
		3CE3EC122A1F387200CC952B /* XKToolSetTests */ = {
			isa = PBXNativeTarget;
			buildConfigurationList = 3CE3EC2A2A1F387200CC952B /* Build configuration list for PBXNativeTarget "XKToolSetTests" */;
			buildPhases = (
				3CE3EC0F2A1F387200CC952B /* Sources */,
				3CE3EC102A1F387200CC952B /* Frameworks */,
				3CE3EC112A1F387200CC952B /* Resources */,
			);
			buildRules = (
			);
			dependencies = (
				3CE3EC152A1F387200CC952B /* PBXTargetDependency */,
			);
			name = XKToolSetTests;
			productName = XKToolSetTests;
			productReference = 3CE3EC132A1F387200CC952B /* XKToolSetTests.xctest */;
			productType = "com.apple.product-type.bundle.unit-test";
		};
		3CE3EC1C2A1F387200CC952B /* XKToolSetUITests */ = {
			isa = PBXNativeTarget;
			buildConfigurationList = 3CE3EC2D2A1F387200CC952B /* Build configuration list for PBXNativeTarget "XKToolSetUITests" */;
			buildPhases = (
				3CE3EC192A1F387200CC952B /* Sources */,
				3CE3EC1A2A1F387200CC952B /* Frameworks */,
				3CE3EC1B2A1F387200CC952B /* Resources */,
			);
			buildRules = (
			);
			dependencies = (
				3CE3EC1F2A1F387200CC952B /* PBXTargetDependency */,
			);
			name = XKToolSetUITests;
			productName = XKToolSetUITests;
			productReference = 3CE3EC1D2A1F387200CC952B /* XKToolSetUITests.xctest */;
			productType = "com.apple.product-type.bundle.ui-testing";
		};
/* End PBXNativeTarget section */

/* Begin PBXProject section */
		3CE3EBF52A1F387000CC952B /* Project object */ = {
			isa = PBXProject;
			attributes = {
				BuildIndependentTargetsInParallel = 1;
				LastSwiftUpdateCheck = 1430;
				LastUpgradeCheck = 1430;
				TargetAttributes = {
					3CE3EBFC2A1F387000CC952B = {
						CreatedOnToolsVersion = 14.3;
					};
					3CE3EC122A1F387200CC952B = {
						CreatedOnToolsVersion = 14.3;
						TestTargetID = 3CE3EBFC2A1F387000CC952B;
					};
					3CE3EC1C2A1F387200CC952B = {
						CreatedOnToolsVersion = 14.3;
						TestTargetID = 3CE3EBFC2A1F387000CC952B;
					};
				};
			};
			buildConfigurationList = 3CE3EBF82A1F387000CC952B /* Build configuration list for PBXProject "XKToolSet" */;
			compatibilityVersion = "Xcode 14.0";
			developmentRegion = en;
			hasScannedForEncodings = 0;
			knownRegions = (
				en,
				Base,
			);
			mainGroup = 3CE3EBF42A1F387000CC952B;
			productRefGroup = 3CE3EBFE2A1F387000CC952B /* Products */;
			projectDirPath = "";
			projectRoot = "";
			targets = (
				3CE3EBFC2A1F387000CC952B /* XKToolSet */,
				3CE3EC122A1F387200CC952B /* XKToolSetTests */,
				3CE3EC1C2A1F387200CC952B /* XKToolSetUITests */,
			);
		};
/* End PBXProject section */

/* Begin PBXResourcesBuildPhase section */
		3CE3EBFB2A1F387000CC952B /* Resources */ = {
			isa = PBXResourcesBuildPhase;
			buildActionMask = 2147483647;
			files = (
				3CE3EC0D2A1F387200CC952B /* LaunchScreen.storyboard in Resources */,
				3CE3EC0A2A1F387200CC952B /* Assets.xcassets in Resources */,
				3CE3EC082A1F387000CC952B /* Main.storyboard in Resources */,
			);
			runOnlyForDeploymentPostprocessing = 0;
		};
		3CE3EC112A1F387200CC952B /* Resources */ = {
			isa = PBXResourcesBuildPhase;
			buildActionMask = 2147483647;
			files = (
			);
			runOnlyForDeploymentPostprocessing = 0;
		};
		3CE3EC1B2A1F387200CC952B /* Resources */ = {
			isa = PBXResourcesBuildPhase;
			buildActionMask = 2147483647;
			files = (
			);
			runOnlyForDeploymentPostprocessing = 0;
		};
/* End PBXResourcesBuildPhase section */

/* Begin PBXSourcesBuildPhase section */
		3CE3EBF92A1F387000CC952B /* Sources */ = {
			isa = PBXSourcesBuildPhase;
			buildActionMask = 2147483647;
			files = (
				3CE3EC052A1F387000CC952B /* ViewController.swift in Sources */,
				3CE3EC012A1F387000CC952B /* AppDelegate.swift in Sources */,
				3CE3EC032A1F387000CC952B /* SceneDelegate.swift in Sources */,
			);
			runOnlyForDeploymentPostprocessing = 0;
		};
		3CE3EC0F2A1F387200CC952B /* Sources */ = {
			isa = PBXSourcesBuildPhase;
			buildActionMask = 2147483647;
			files = (
				3CE3EC182A1F387200CC952B /* XKToolSetTests.swift in Sources */,
			);
			runOnlyForDeploymentPostprocessing = 0;
		};
		3CE3EC192A1F387200CC952B /* Sources */ = {
			isa = PBXSourcesBuildPhase;
			buildActionMask = 2147483647;
			files = (
				3CE3EC242A1F387200CC952B /* XKToolSetUITestsLaunchTests.swift in Sources */,
				3CE3EC222A1F387200CC952B /* XKToolSetUITests.swift in Sources */,
			);
			runOnlyForDeploymentPostprocessing = 0;
		};
/* End PBXSourcesBuildPhase section */

/* Begin PBXTargetDependency section */
		3CE3EC152A1F387200CC952B /* PBXTargetDependency */ = {
			isa = PBXTargetDependency;
			target = 3CE3EBFC2A1F387000CC952B /* XKToolSet */;
			targetProxy = 3CE3EC142A1F387200CC952B /* PBXContainerItemProxy */;
		};
		3CE3EC1F2A1F387200CC952B /* PBXTargetDependency */ = {
			isa = PBXTargetDependency;
			target = 3CE3EBFC2A1F387000CC952B /* XKToolSet */;
			targetProxy = 3CE3EC1E2A1F387200CC952B /* PBXContainerItemProxy */;
		};
/* End PBXTargetDependency section */

/* Begin PBXVariantGroup section */
		3CE3EC062A1F387000CC952B /* Main.storyboard */ = {
			isa = PBXVariantGroup;
			children = (
				3CE3EC072A1F387000CC952B /* Base */,
			);
			name = Main.storyboard;
			sourceTree = "<group>";
		};
		3CE3EC0B2A1F387200CC952B /* LaunchScreen.storyboard */ = {
			isa = PBXVariantGroup;
			children = (
				3CE3EC0C2A1F387200CC952B /* Base */,
			);
			name = LaunchScreen.storyboard;
			sourceTree = "<group>";
		};
/* End PBXVariantGroup section */

/* Begin XCBuildConfiguration section */
		3CE3EC252A1F387200CC952B /* Debug */ = {
			isa = XCBuildConfiguration;
			buildSettings = {
				ALWAYS_SEARCH_USER_PATHS = NO;
				CLANG_ANALYZER_NONNULL = YES;
				CLANG_ANALYZER_NUMBER_OBJECT_CONVERSION = YES_AGGRESSIVE;
				CLANG_CXX_LANGUAGE_STANDARD = "gnu++20";
				CLANG_ENABLE_MODULES = YES;
				CLANG_ENABLE_OBJC_ARC = YES;
				CLANG_ENABLE_OBJC_WEAK = YES;
				CLANG_WARN_BLOCK_CAPTURE_AUTORELEASING = YES;
				CLANG_WARN_BOOL_CONVERSION = YES;
				CLANG_WARN_COMMA = YES;
				CLANG_WARN_CONSTANT_CONVERSION = YES;
				CLANG_WARN_DEPRECATED_OBJC_IMPLEMENTATIONS = YES;
				CLANG_WARN_DIRECT_OBJC_ISA_USAGE = YES_ERROR;
				CLANG_WARN_DOCUMENTATION_COMMENTS = YES;
				CLANG_WARN_EMPTY_BODY = YES;
				CLANG_WARN_ENUM_CONVERSION = YES;
				CLANG_WARN_INFINITE_RECURSION = YES;
				CLANG_WARN_INT_CONVERSION = YES;
				CLANG_WARN_NON_LITERAL_NULL_CONVERSION = YES;
				CLANG_WARN_OBJC_IMPLICIT_RETAIN_SELF = YES;
				CLANG_WARN_OBJC_LITERAL_CONVERSION = YES;
				CLANG_WARN_OBJC_ROOT_CLASS = YES_ERROR;
				CLANG_WARN_QUOTED_INCLUDE_IN_FRAMEWORK_HEADER = YES;
				CLANG_WARN_RANGE_LOOP_ANALYSIS = YES;
				CLANG_WARN_STRICT_PROTOTYPES = YES;
				CLANG_WARN_SUSPICIOUS_MOVE = YES;
				CLANG_WARN_UNGUARDED_AVAILABILITY = YES_AGGRESSIVE;
				CLANG_WARN_UNREACHABLE_CODE = YES;
				CLANG_WARN__DUPLICATE_METHOD_MATCH = YES;
				COPY_PHASE_STRIP = NO;
				DEBUG_INFORMATION_FORMAT = dwarf;
				ENABLE_STRICT_OBJC_MSGSEND = YES;
				ENABLE_TESTABILITY = YES;
				GCC_C_LANGUAGE_STANDARD = gnu11;
				GCC_DYNAMIC_NO_PIC = NO;
				GCC_NO_COMMON_BLOCKS = YES;
				GCC_OPTIMIZATION_LEVEL = 0;
				GCC_PREPROCESSOR_DEFINITIONS = (
					"DEBUG=1",
					"$(inherited)",
				);
				GCC_WARN_64_TO_32_BIT_CONVERSION = YES;
				GCC_WARN_ABOUT_RETURN_TYPE = YES_ERROR;
				GCC_WARN_UNDECLARED_SELECTOR = YES;
				GCC_WARN_UNINITIALIZED_AUTOS = YES_AGGRESSIVE;
				GCC_WARN_UNUSED_FUNCTION = YES;
				GCC_WARN_UNUSED_VARIABLE = YES;
				IPHONEOS_DEPLOYMENT_TARGET = 16.4;
				MTL_ENABLE_DEBUG_INFO = INCLUDE_SOURCE;
				MTL_FAST_MATH = YES;
				ONLY_ACTIVE_ARCH = YES;
				SDKROOT = iphoneos;
				SWIFT_ACTIVE_COMPILATION_CONDITIONS = DEBUG;
				SWIFT_OPTIMIZATION_LEVEL = "-Onone";
			};
			name = Debug;
		};
		3CE3EC262A1F387200CC952B /* Release */ = {
			isa = XCBuildConfiguration;
			buildSettings = {
				ALWAYS_SEARCH_USER_PATHS = NO;
				CLANG_ANALYZER_NONNULL = YES;
				CLANG_ANALYZER_NUMBER_OBJECT_CONVERSION = YES_AGGRESSIVE;
				CLANG_CXX_LANGUAGE_STANDARD = "gnu++20";
				CLANG_ENABLE_MODULES = YES;
				CLANG_ENABLE_OBJC_ARC = YES;
				CLANG_ENABLE_OBJC_WEAK = YES;
				CLANG_WARN_BLOCK_CAPTURE_AUTORELEASING = YES;
				CLANG_WARN_BOOL_CONVERSION = YES;
				CLANG_WARN_COMMA = YES;
				CLANG_WARN_CONSTANT_CONVERSION = YES;
				CLANG_WARN_DEPRECATED_OBJC_IMPLEMENTATIONS = YES;
				CLANG_WARN_DIRECT_OBJC_ISA_USAGE = YES_ERROR;
				CLANG_WARN_DOCUMENTATION_COMMENTS = YES;
				CLANG_WARN_EMPTY_BODY = YES;
				CLANG_WARN_ENUM_CONVERSION = YES;
				CLANG_WARN_INFINITE_RECURSION = YES;
				CLANG_WARN_INT_CONVERSION = YES;
				CLANG_WARN_NON_LITERAL_NULL_CONVERSION = YES;
				CLANG_WARN_OBJC_IMPLICIT_RETAIN_SELF = YES;
				CLANG_WARN_OBJC_LITERAL_CONVERSION = YES;
				CLANG_WARN_OBJC_ROOT_CLASS = YES_ERROR;
				CLANG_WARN_QUOTED_INCLUDE_IN_FRAMEWORK_HEADER = YES;
				CLANG_WARN_RANGE_LOOP_ANALYSIS = YES;
				CLANG_WARN_STRICT_PROTOTYPES = YES;
				CLANG_WARN_SUSPICIOUS_MOVE = YES;
				CLANG_WARN_UNGUARDED_AVAILABILITY = YES_AGGRESSIVE;
				CLANG_WARN_UNREACHABLE_CODE = YES;
				CLANG_WARN__DUPLICATE_METHOD_MATCH = YES;
				COPY_PHASE_STRIP = NO;
				DEBUG_INFORMATION_FORMAT = "dwarf-with-dsym";
				ENABLE_NS_ASSERTIONS = NO;
				ENABLE_STRICT_OBJC_MSGSEND = YES;
				GCC_C_LANGUAGE_STANDARD = gnu11;
				GCC_NO_COMMON_BLOCKS = YES;
				GCC_WARN_64_TO_32_BIT_CONVERSION = YES;
				GCC_WARN_ABOUT_RETURN_TYPE = YES_ERROR;
				GCC_WARN_UNDECLARED_SELECTOR = YES;
				GCC_WARN_UNINITIALIZED_AUTOS = YES_AGGRESSIVE;
				GCC_WARN_UNUSED_FUNCTION = YES;
				GCC_WARN_UNUSED_VARIABLE = YES;
				IPHONEOS_DEPLOYMENT_TARGET = 16.4;
				MTL_ENABLE_DEBUG_INFO = NO;
				MTL_FAST_MATH = YES;
				SDKROOT = iphoneos;
				SWIFT_COMPILATION_MODE = wholemodule;
				SWIFT_OPTIMIZATION_LEVEL = "-O";
				VALIDATE_PRODUCT = YES;
			};
			name = Release;
		};
		3CE3EC282A1F387200CC952B /* Debug */ = {
			isa = XCBuildConfiguration;
			buildSettings = {
				ASSETCATALOG_COMPILER_APPICON_NAME = AppIcon;
				ASSETCATALOG_COMPILER_GLOBAL_ACCENT_COLOR_NAME = AccentColor;
				CODE_SIGN_STYLE = Automatic;
				CURRENT_PROJECT_VERSION = 1;
				GENERATE_INFOPLIST_FILE = YES;
				INFOPLIST_FILE = XKToolSet/Info.plist;
				INFOPLIST_KEY_UIApplicationSupportsIndirectInputEvents = YES;
				INFOPLIST_KEY_UILaunchStoryboardName = LaunchScreen;
				INFOPLIST_KEY_UIMainStoryboardFile = Main;
				INFOPLIST_KEY_UISupportedInterfaceOrientations_iPad = "UIInterfaceOrientationPortrait UIInterfaceOrientationPortraitUpsideDown UIInterfaceOrientationLandscapeLeft UIInterfaceOrientationLandscapeRight";
				INFOPLIST_KEY_UISupportedInterfaceOrientations_iPhone = "UIInterfaceOrientationPortrait UIInterfaceOrientationLandscapeLeft UIInterfaceOrientationLandscapeRight";
				LD_RUNPATH_SEARCH_PATHS = (
					"$(inherited)",
					"@executable_path/Frameworks",
				);
				MARKETING_VERSION = 1.0;
				PRODUCT_BUNDLE_IDENTIFIER = kenneth.XKToolSet;
				PRODUCT_NAME = "$(TARGET_NAME)";
				SWIFT_EMIT_LOC_STRINGS = YES;
				SWIFT_VERSION = 5.0;
				TARGETED_DEVICE_FAMILY = "1,2";
			};
			name = Debug;
		};
		3CE3EC292A1F387200CC952B /* Release */ = {
			isa = XCBuildConfiguration;
			buildSettings = {
				ASSETCATALOG_COMPILER_APPICON_NAME = AppIcon;
				ASSETCATALOG_COMPILER_GLOBAL_ACCENT_COLOR_NAME = AccentColor;
				CODE_SIGN_STYLE = Automatic;
				CURRENT_PROJECT_VERSION = 1;
				GENERATE_INFOPLIST_FILE = YES;
				INFOPLIST_FILE = XKToolSet/Info.plist;
				INFOPLIST_KEY_UIApplicationSupportsIndirectInputEvents = YES;
				INFOPLIST_KEY_UILaunchStoryboardName = LaunchScreen;
				INFOPLIST_KEY_UIMainStoryboardFile = Main;
				INFOPLIST_KEY_UISupportedInterfaceOrientations_iPad = "UIInterfaceOrientationPortrait UIInterfaceOrientationPortraitUpsideDown UIInterfaceOrientationLandscapeLeft UIInterfaceOrientationLandscapeRight";
				INFOPLIST_KEY_UISupportedInterfaceOrientations_iPhone = "UIInterfaceOrientationPortrait UIInterfaceOrientationLandscapeLeft UIInterfaceOrientationLandscapeRight";
				LD_RUNPATH_SEARCH_PATHS = (
					"$(inherited)",
					"@executable_path/Frameworks",
				);
				MARKETING_VERSION = 1.0;
				PRODUCT_BUNDLE_IDENTIFIER = kenneth.XKToolSet;
				PRODUCT_NAME = "$(TARGET_NAME)";
				SWIFT_EMIT_LOC_STRINGS = YES;
				SWIFT_VERSION = 5.0;
				TARGETED_DEVICE_FAMILY = "1,2";
			};
			name = Release;
		};
		3CE3EC2B2A1F387200CC952B /* Debug */ = {
			isa = XCBuildConfiguration;
			buildSettings = {
				ALWAYS_EMBED_SWIFT_STANDARD_LIBRARIES = YES;
				BUNDLE_LOADER = "$(TEST_HOST)";
				CODE_SIGN_STYLE = Automatic;
				CURRENT_PROJECT_VERSION = 1;
				GENERATE_INFOPLIST_FILE = YES;
				IPHONEOS_DEPLOYMENT_TARGET = 16.4;
				MARKETING_VERSION = 1.0;
				PRODUCT_BUNDLE_IDENTIFIER = kenneth.XKToolSetTests;
				PRODUCT_NAME = "$(TARGET_NAME)";
				SWIFT_EMIT_LOC_STRINGS = NO;
				SWIFT_VERSION = 5.0;
				TARGETED_DEVICE_FAMILY = "1,2";
				TEST_HOST = "$(BUILT_PRODUCTS_DIR)/XKToolSet.app/$(BUNDLE_EXECUTABLE_FOLDER_PATH)/XKToolSet";
			};
			name = Debug;
		};
		3CE3EC2C2A1F387200CC952B /* Release */ = {
			isa = XCBuildConfiguration;
			buildSettings = {
				ALWAYS_EMBED_SWIFT_STANDARD_LIBRARIES = YES;
				BUNDLE_LOADER = "$(TEST_HOST)";
				CODE_SIGN_STYLE = Automatic;
				CURRENT_PROJECT_VERSION = 1;
				GENERATE_INFOPLIST_FILE = YES;
				IPHONEOS_DEPLOYMENT_TARGET = 16.4;
				MARKETING_VERSION = 1.0;
				PRODUCT_BUNDLE_IDENTIFIER = kenneth.XKToolSetTests;
				PRODUCT_NAME = "$(TARGET_NAME)";
				SWIFT_EMIT_LOC_STRINGS = NO;
				SWIFT_VERSION = 5.0;
				TARGETED_DEVICE_FAMILY = "1,2";
				TEST_HOST = "$(BUILT_PRODUCTS_DIR)/XKToolSet.app/$(BUNDLE_EXECUTABLE_FOLDER_PATH)/XKToolSet";
			};
			name = Release;
		};
		3CE3EC2E2A1F387200CC952B /* Debug */ = {
			isa = XCBuildConfiguration;
			buildSettings = {
				ALWAYS_EMBED_SWIFT_STANDARD_LIBRARIES = YES;
				CODE_SIGN_STYLE = Automatic;
				CURRENT_PROJECT_VERSION = 1;
				GENERATE_INFOPLIST_FILE = YES;
				MARKETING_VERSION = 1.0;
				PRODUCT_BUNDLE_IDENTIFIER = kenneth.XKToolSetUITests;
				PRODUCT_NAME = "$(TARGET_NAME)";
				SWIFT_EMIT_LOC_STRINGS = NO;
				SWIFT_VERSION = 5.0;
				TARGETED_DEVICE_FAMILY = "1,2";
				TEST_TARGET_NAME = XKToolSet;
			};
			name = Debug;
		};
		3CE3EC2F2A1F387200CC952B /* Release */ = {
			isa = XCBuildConfiguration;
			buildSettings = {
				ALWAYS_EMBED_SWIFT_STANDARD_LIBRARIES = YES;
				CODE_SIGN_STYLE = Automatic;
				CURRENT_PROJECT_VERSION = 1;
				GENERATE_INFOPLIST_FILE = YES;
				MARKETING_VERSION = 1.0;
				PRODUCT_BUNDLE_IDENTIFIER = kenneth.XKToolSetUITests;
				PRODUCT_NAME = "$(TARGET_NAME)";
				SWIFT_EMIT_LOC_STRINGS = NO;
				SWIFT_VERSION = 5.0;
				TARGETED_DEVICE_FAMILY = "1,2";
				TEST_TARGET_NAME = XKToolSet;
			};
			name = Release;
		};
/* End XCBuildConfiguration section */

/* Begin XCConfigurationList section */
		3CE3EBF82A1F387000CC952B /* Build configuration list for PBXProject "XKToolSet" */ = {
			isa = XCConfigurationList;
			buildConfigurations = (
				3CE3EC252A1F387200CC952B /* Debug */,
				3CE3EC262A1F387200CC952B /* Release */,
			);
			defaultConfigurationIsVisible = 0;
			defaultConfigurationName = Release;
		};
		3CE3EC272A1F387200CC952B /* Build configuration list for PBXNativeTarget "XKToolSet" */ = {
			isa = XCConfigurationList;
			buildConfigurations = (
				3CE3EC282A1F387200CC952B /* Debug */,
				3CE3EC292A1F387200CC952B /* Release */,
			);
			defaultConfigurationIsVisible = 0;
			defaultConfigurationName = Release;
		};
		3CE3EC2A2A1F387200CC952B /* Build configuration list for PBXNativeTarget "XKToolSetTests" */ = {
			isa = XCConfigurationList;
			buildConfigurations = (
				3CE3EC2B2A1F387200CC952B /* Debug */,
				3CE3EC2C2A1F387200CC952B /* Release */,
			);
			defaultConfigurationIsVisible = 0;
			defaultConfigurationName = Release;
		};
		3CE3EC2D2A1F387200CC952B /* Build configuration list for PBXNativeTarget "XKToolSetUITests" */ = {
			isa = XCConfigurationList;
			buildConfigurations = (
				3CE3EC2E2A1F387200CC952B /* Debug */,
				3CE3EC2F2A1F387200CC952B /* Release */,
			);
			defaultConfigurationIsVisible = 0;
			defaultConfigurationName = Release;
		};
/* End XCConfigurationList section */
	};
	rootObject = 3CE3EBF52A1F387000CC952B /* Project object */;
}
